<?xml version="1.0" encoding="utf-8"?>
<Project ToolsVersion="4.0" xmlns="http://schemas.microsoft.com/developer/msbuild/2003">
  <ItemGroup>
    <Filter Include="Source Files">
      <UniqueIdentifier>{4FC737F1-C7A5-4376-A066-2A32D752A2FF}</UniqueIdentifier>
      <Extensions>cpp;c;cc;cxx;def;odl;idl;hpj;bat;asm;asmx</Extensions>
    </Filter>
    <Filter Include="Header Files">
      <UniqueIdentifier>{93995380-89BD-4b04-88EB-625FBE52EBFB}</UniqueIdentifier>
      <Extensions>h;hpp;hxx;hm;inl;inc;xsd</Extensions>
    </Filter>
    <Filter Include="Resource Files">
      <UniqueIdentifier>{67DA6AB6-F800-4c08-8B7A-83BB121AAD01}</UniqueIdentifier>
      <Extensions>rc;ico;cur;bmp;dlg;rc2;rct;bin;rgs;gif;jpg;jpeg;jpe;resx;tiff;tif;png;wav</Extensions>
    </Filter>
    <Filter Include="DX">
      <UniqueIdentifier>{ea875934-7a8a-4d38-9eb2-69a458a96ec3}</UniqueIdentifier>
    </Filter>
    <Filter Include="LUA">
      <UniqueIdentifier>{60f1a2f4-5c28-4e54-bb15-0469dc22bed7}</UniqueIdentifier>
    </Filter>
  </ItemGroup>
  <ItemGroup>
    <ClCompile Include="BlitManager.cpp">
      <Filter>Source Files</Filter>
    </ClCompile>
    <ClCompile Include="BlitManager3d.cpp">
      <Filter>Source Files</Filter>
    </ClCompile>
    <ClCompile Include="Camera.cpp">
      <Filter>Source Files</Filter>
    </ClCompile>
    <ClCompile Include="Defs.cpp">
      <Filter>Source Files</Filter>
    </ClCompile>
    <ClCompile Include="Drawable.cpp">
      <Filter>Source Files</Filter>
    </ClCompile>
    <ClCompile Include="Gfx.cpp">
      <Filter>Source Files</Filter>
    </ClCompile>
    <ClCompile Include="Image_A8R8G8B8.cpp">
      <Filter>Source Files</Filter>
    </ClCompile>
    <ClCompile Include="ImageScreen.cpp">
      <Filter>Source Files</Filter>
    </ClCompile>
    <ClCompile Include="Keyboard.cpp">
      <Filter>Source Files</Filter>
    </ClCompile>
    <ClCompile Include="Light.cpp">
      <Filter>Source Files</Filter>
    </ClCompile>
    <ClCompile Include="Logger.cpp">
      <Filter>Source Files</Filter>
    </ClCompile>
    <ClCompile Include="Material.cpp">
      <Filter>Source Files</Filter>
    </ClCompile>
    <ClCompile Include="MathLib.cpp">
      <Filter>Source Files</Filter>
    </ClCompile>
    <ClCompile Include="Mesh.cpp">
      <Filter>Source Files</Filter>
    </ClCompile>
    <ClCompile Include="Mouse.cpp">
      <Filter>Source Files</Filter>
    </ClCompile>
    <ClCompile Include="MouseCursor.cpp">
      <Filter>Source Files</Filter>
    </ClCompile>
    <ClCompile Include="Object3d.cpp">
      <Filter>Source Files</Filter>
    </ClCompile>
    <ClCompile Include="ParticleSystem.cpp">
      <Filter>Source Files</Filter>
    </ClCompile>
    <ClCompile Include="ParticleSystem3d.cpp">
      <Filter>Source Files</Filter>
    </ClCompile>
    <ClCompile Include="Screen.cpp">
      <Filter>Source Files</Filter>
    </ClCompile>
    <ClCompile Include="Sound.cpp">
      <Filter>Source Files</Filter>
    </ClCompile>
    <ClCompile Include="Sprite.cpp">
      <Filter>Source Files</Filter>
    </ClCompile>
    <ClCompile Include="Sprite3d.cpp">
      <Filter>Source Files</Filter>
    </ClCompile>
    <ClCompile Include="TextObj.cpp">
      <Filter>Source Files</Filter>
    </ClCompile>
    <ClCompile Include="TextureManager.cpp">
      <Filter>Source Files</Filter>
    </ClCompile>
    <ClCompile Include="Tilemap3d.cpp">
      <Filter>Source Files</Filter>
    </ClCompile>
    <ClCompile Include="Timers.cpp">
      <Filter>Source Files</Filter>
    </ClCompile>
    <ClCompile Include="Tokenizer.cpp">
      <Filter>Source Files</Filter>
    </ClCompile>
    <ClCompile Include="XML.cpp">
      <Filter>Source Files</Filter>
    </ClCompile>
    <ClCompile Include="dx\d3denumeration.cpp">
      <Filter>DX</Filter>
    </ClCompile>
    <ClCompile Include="dx\d3dsettings.cpp">
      <Filter>DX</Filter>
    </ClCompile>
    <ClCompile Include="dx\d3dutil.cpp">
      <Filter>DX</Filter>
    </ClCompile>
    <ClCompile Include="dx\dxutil.cpp">
      <Filter>DX</Filter>
    </ClCompile>
    <ClCompile Include="lua\LUAArray.cpp">
      <Filter>LUA</Filter>
    </ClCompile>
    <ClCompile Include="lua\LUAEnv.cpp">
      <Filter>LUA</Filter>
    </ClCompile>
    <ClCompile Include="lua\LUAHelpers.cpp">
      <Filter>LUA</Filter>
    </ClCompile>
    <ClCompile Include="lua\LUAMain.cpp">
      <Filter>LUA</Filter>
    </ClCompile>
    <ClCompile Include="lua\LUAScript.cpp">
      <Filter>LUA</Filter>
    </ClCompile>
    <ClCompile Include="lua\LUATable.cpp">
      <Filter>LUA</Filter>
    </ClCompile>
  </ItemGroup>
  <ItemGroup>
    <ClInclude Include="BlitManager.h">
      <Filter>Header Files</Filter>
    </ClInclude>
    <ClInclude Include="BlitManager3d.h">
      <Filter>Header Files</Filter>
    </ClInclude>
    <ClInclude Include="Camera.h">
      <Filter>Header Files</Filter>
    </ClInclude>
    <ClInclude Include="Defs.h">
      <Filter>Header Files</Filter>
    </ClInclude>
    <ClInclude Include="Drawable.h">
      <Filter>Header Files</Filter>
    </ClInclude>
    <ClInclude Include="Gfx.h">
      <Filter>Header Files</Filter>
    </ClInclude>
    <ClInclude Include="Image_A8R8G8B8.h">
      <Filter>Header Files</Filter>
    </ClInclude>
    <ClInclude Include="ImageScreen.h">
      <Filter>Header Files</Filter>
    </ClInclude>
    <ClInclude Include="Keyboard.h">
      <Filter>Header Files</Filter>
    </ClInclude>
    <ClInclude Include="Light.h">
      <Filter>Header Files</Filter>
    </ClInclude>
    <ClInclude Include="Logger.h">
      <Filter>Header Files</Filter>
    </ClInclude>
    <ClInclude Include="Material.h">
      <Filter>Header Files</Filter>
    </ClInclude>
    <ClInclude Include="MathLib.h">
      <Filter>Header Files</Filter>
    </ClInclude>
    <ClInclude Include="Mesh.h">
      <Filter>Header Files</Filter>
    </ClInclude>
    <ClInclude Include="Mouse.h">
      <Filter>Header Files</Filter>
    </ClInclude>
    <ClInclude Include="MouseCursor.h">
      <Filter>Header Files</Filter>
    </ClInclude>
    <ClInclude Include="Object3d.h">
      <Filter>Header Files</Filter>
    </ClInclude>
    <ClInclude Include="ParticleSystem.h">
      <Filter>Header Files</Filter>
    </ClInclude>
    <ClInclude Include="ParticleSystem3d.h">
      <Filter>Header Files</Filter>
    </ClInclude>
    <ClInclude Include="Screen.h">
      <Filter>Header Files</Filter>
    </ClInclude>
    <ClInclude Include="Sound.h">
      <Filter>Header Files</Filter>
    </ClInclude>
    <ClInclude Include="Sprite.h">
      <Filter>Header Files</Filter>
    </ClInclude>
    <ClInclude Include="Sprite3d.h">
      <Filter>Header Files</Filter>
    </ClInclude>
    <ClInclude Include="TextObj.h">
      <Filter>Header Files</Filter>
    </ClInclude>
    <ClInclude Include="TextureManager.h">
      <Filter>Header Files</Filter>
    </ClInclude>
    <ClInclude Include="Tilemap3d.h">
      <Filter>Header Files</Filter>
    </ClInclude>
    <ClInclude Include="Timers.h">
      <Filter>Header Files</Filter>
    </ClInclude>
    <ClInclude Include="Tokenizer.h">
      <Filter>Header Files</Filter>
    </ClInclude>
    <ClInclude Include="Utils.h">
      <Filter>Header Files</Filter>
    </ClInclude>
    <ClInclude Include="XML.h">
      <Filter>Header Files</Filter>
    </ClInclude>
    <ClInclude Include="dx\d3denumeration.h">
      <Filter>DX</Filter>
    </ClInclude>
    <ClInclude Include="dx\d3dres.h">
      <Filter>DX</Filter>
    </ClInclude>
    <ClInclude Include="dx\d3dsettings.h">
      <Filter>DX</Filter>
    </ClInclude>
    <ClInclude Include="dx\d3dutil.h">
      <Filter>DX</Filter>
    </ClInclude>
    <ClInclude Include="dx\dxutil.h">
      <Filter>DX</Filter>
    </ClInclude>
    <ClInclude Include="lua\LUAArray.h">
      <Filter>LUA</Filter>
    </ClInclude>
    <ClInclude Include="lua\LUAEnv.h">
      <Filter>LUA</Filter>
    </ClInclude>
    <ClInclude Include="lua\LUAHelpers.h">
      <Filter>LUA</Filter>
    </ClInclude>
    <ClInclude Include="lua\LUAMain.h">
      <Filter>LUA</Filter>
    </ClInclude>
    <ClInclude Include="lua\LUAScript.h">
      <Filter>LUA</Filter>
    </ClInclude>
    <ClInclude Include="lua\LUATable.h">
      <Filter>LUA</Filter>
    </ClInclude>
  </ItemGroup>
</Project>